
Microsoft Visual Studio Solution File, Format Version 12.00
Project("{FAE04EC0-301F-11D3-BF4B-00C04F79EFBC}") = "TimeCalculator", "TimeCalculator\TimeCalculator.csproj", "{0D1B2FEB-FAC0-49D6-A735-EB3F38DBFB86}"
EndProject
Global
	GlobalSection(SolutionConfigurationPlatforms) = preSolution
		Debug|Any CPU = Debug|Any CPU
		Release|Any CPU = Release|Any CPU
	EndGlobalSection
	GlobalSection(ProjectConfigurationPlatforms) = postSolution
		{0D1B2FEB-FAC0-49D6-A735-EB3F38DBFB86}.Debug|Any CPU.ActiveCfg = Debug|Any CPU
		{0D1B2FEB-FAC0-49D6-A735-EB3F38DBFB86}.Debug|Any CPU.Build.0 = Debug|Any CPU
		{0D1B2FEB-FAC0-49D6-A735-EB3F38DBFB86}.Release|Any CPU.ActiveCfg = Release|Any CPU
		{0D1B2FEB-FAC0-49D6-A735-EB3F38DBFB86}.Release|Any CPU.Build.0 = Release|Any CPU
	EndGlobalSection
EndGlobal
